Microsoft Visual Studio Solution File, Format Version 11.00
# Visual Studio 2008

Project("{A056549F-24B8-3E8E-3F4C-2CA5BD9C2820}") = "Unityfiler", "Assembly-CSharp-vs.csproj", "{8BC7466C-E0E8-FFB1-1541-E0BB5027EFC9}"
EndProject
Project("{A056549F-24B8-3E8E-3F4C-2CA5BD9C2820}") = "Unityfiler", "Assembly-CSharp-Editor-vs.csproj", "{F6A2B620-1D59-507D-C347-672A4C773B5B}"
EndProject
Global
	GlobalSection(SolutionConfigurationPlatforms) = preSolution
		Debug|Any CPU = Debug|Any CPU
		Release|Any CPU = Release|Any CPU
	EndGlobalSection
	GlobalSection(ProjectConfigurationPlatforms) = postSolution
		{8BC7466C-E0E8-FFB1-1541-E0BB5027EFC9}.Debug|Any CPU.ActiveCfg = Debug|Any CPU
		{8BC7466C-E0E8-FFB1-1541-E0BB5027EFC9}.Debug|Any CPU.Build.0 = Debug|Any CPU
		{8BC7466C-E0E8-FFB1-1541-E0BB5027EFC9}.Release|Any CPU.ActiveCfg = Release|Any CPU
		{8BC7466C-E0E8-FFB1-1541-E0BB5027EFC9}.Release|Any CPU.Build.0 = Release|Any CPU
		{F6A2B620-1D59-507D-C347-672A4C773B5B}.Debug|Any CPU.ActiveCfg = Debug|Any CPU
		{F6A2B620-1D59-507D-C347-672A4C773B5B}.Debug|Any CPU.Build.0 = Debug|Any CPU
		{F6A2B620-1D59-507D-C347-672A4C773B5B}.Release|Any CPU.ActiveCfg = Release|Any CPU
		{F6A2B620-1D59-507D-C347-672A4C773B5B}.Release|Any CPU.Build.0 = Release|Any CPU
	EndGlobalSection
	GlobalSection(SolutionProperties) = preSolution
		HideSolutionNode = FALSE
	EndGlobalSection
																																																GlobalSection(MonoDevelopProperties) = preSolution
=======
<<<<<<< HEAD
																																															GlobalSection(MonoDevelopProperties) = preSolution
=======
<<<<<<< HEAD
																																													GlobalSection(MonoDevelopProperties) = preSolution
>>>>>>> 68dc1aa196c380a32f7b2af5e350679ffc5e913d
=======
																																														GlobalSection(MonoDevelopProperties) = preSolution
>>>>>>> c197dfa9dcba7b960f4d3b7b917d3ea85474f4e8
>>>>>>> f8af80016f8f05a690f0a863702cdbdfd20bd158
=======
<<<<<<< HEAD
																																													GlobalSection(MonoDevelopProperties) = preSolution
=======
<<<<<<< HEAD
																																											GlobalSection(MonoDevelopProperties) = preSolution
>>>>>>> e5c40eefc3fc25e4d6ba7e16d9fed8627a869bd7
=======
																																												GlobalSection(MonoDevelopProperties) = preSolution
>>>>>>> ae6acdc10eee1f40947bccee4a4bebb1baaaacad
>>>>>>> b90105981ba8b00f55955de1e40c448f1aa78ed6
=======
																								GlobalSection(MonoDevelopProperties) = preSolution
>>>>>>> b19a8eb332cfc90cb87e8521ce89411dd94b895b
=======
																		GlobalSection(MonoDevelopProperties) = preSolution
>>>>>>> 8e47f946190ed033b0e7e402d32e236326a2c87a
=======
									GlobalSection(MonoDevelopProperties) = preSolution
>>>>>>> e5d9104a758cb5ef7ae9ef43bce3e08b3f8fbb51
=======
					GlobalSection(MonoDevelopProperties) = preSolution
>>>>>>> 9a948131c6f7aa6b2fdaf1e388ff0a2c783e03fe
		StartupItem = Assembly-CSharp.csproj
		Policies = $0
		$0.TextStylePolicy = $1
		$1.inheritsSet = null
		$1.scope = text/x-csharp
		$0.CSharpFormattingPolicy = $2
		$2.inheritsSet = Mono
		$2.inheritsScope = text/x-csharp
		$2.scope = text/x-csharp
		$0.TextStylePolicy = $3
		$3.FileWidth = 120
		$3.TabWidth = 4
		$3.IndentWidth = 4
		$3.EolMarker = Unix
		$3.inheritsSet = Mono
		$3.inheritsScope = text/plain
		$3.scope = text/plain
	EndGlobalSection

EndGlobal
